
Microsoft Visual Studio Solution File, Format Version 12.00
# Visual Studio Version 17
VisualStudioVersion = 17.2.32616.157
MinimumVisualStudioVersion = 10.0.40219.1
Project("{FAE04EC0-301F-11D3-BF4B-00C04F79EFBC}") = "RFAB-builder", "RFAB-builder.csproj", "{9ED2676D-E263-4DBB-AA98-2FFF697F856C}"
EndProject
Global
	GlobalSection(SolutionConfigurationPlatforms) = preSolution
		Debug|Any CPU = Debug|Any CPU
		Release|Any CPU = Release|Any CPU
	EndGlobalSection
	GlobalSection(ProjectConfigurationPlatforms) = postSolution
		{9ED2676D-E263-4DBB-AA98-2FFF697F856C}.Debug|Any CPU.ActiveCfg = Debug|Any CPU
		{9ED2676D-E263-4DBB-AA98-2FFF697F856C}.Debug|Any CPU.Build.0 = Debug|Any CPU
		{9ED2676D-E263-4DBB-AA98-2FFF697F856C}.Release|Any CPU.ActiveCfg = Release|Any CPU
		{9ED2676D-E263-4DBB-AA98-2FFF697F856C}.Release|Any CPU.Build.0 = Release|Any CPU
	EndGlobalSection
	GlobalSection(SolutionProperties) = preSolution
		HideSolutionNode = FALSE
	EndGlobalSection
	GlobalSection(ExtensibilityGlobals) = postSolution
		SolutionGuid = {D73AEB62-B7CB-45D0-9EC0-2DF8857DF8E2}
	EndGlobalSection
EndGlobal
